// !$*UTF8*$!
{
	archiveVersion = 1;
	classes = {
	};
	objectVersion = 55;
	objects = {

/* Begin PBXBuildFile section */
		DB039FF228BA11110099A103 /* CitySightsApp.swift in Sources */ = {isa = PBXBuildFile; fileRef = DB039FE228BA11110099A103 /* CitySightsApp.swift */; };
		DB039FF328BA11110099A103 /* CitySightsApp.swift in Sources */ = {isa = PBXBuildFile; fileRef = DB039FE228BA11110099A103 /* CitySightsApp.swift */; };
		DB039FF428BA11110099A103 /* LaunchView.swift in Sources */ = {isa = PBXBuildFile; fileRef = DB039FE328BA11110099A103 /* LaunchView.swift */; };
		DB039FF528BA11110099A103 /* LaunchView.swift in Sources */ = {isa = PBXBuildFile; fileRef = DB039FE328BA11110099A103 /* LaunchView.swift */; };
		DB039FF628BA11110099A103 /* Assets.xcassets in Resources */ = {isa = PBXBuildFile; fileRef = DB039FE428BA11110099A103 /* Assets.xcassets */; };
		DB039FF728BA11110099A103 /* Assets.xcassets in Resources */ = {isa = PBXBuildFile; fileRef = DB039FE428BA11110099A103 /* Assets.xcassets */; };
		DB7A5DE028C35F4F00C3D7D5 /* BusinessRow.swift in Sources */ = {isa = PBXBuildFile; fileRef = DB7A5DDF28C35F4F00C3D7D5 /* BusinessRow.swift */; };
		DB7A5DE128C35F4F00C3D7D5 /* BusinessRow.swift in Sources */ = {isa = PBXBuildFile; fileRef = DB7A5DDF28C35F4F00C3D7D5 /* BusinessRow.swift */; };
		DB9846E428C0A35E00A9B2BD /* HomeView.swift in Sources */ = {isa = PBXBuildFile; fileRef = DB9846E328C0A35E00A9B2BD /* HomeView.swift */; };
		DB9846E528C0A35E00A9B2BD /* HomeView.swift in Sources */ = {isa = PBXBuildFile; fileRef = DB9846E328C0A35E00A9B2BD /* HomeView.swift */; };
		DB9846E828C0A8AA00A9B2BD /* BusinessList.swift in Sources */ = {isa = PBXBuildFile; fileRef = DB9846E728C0A8AA00A9B2BD /* BusinessList.swift */; };
		DB9846E928C0A8AA00A9B2BD /* BusinessList.swift in Sources */ = {isa = PBXBuildFile; fileRef = DB9846E728C0A8AA00A9B2BD /* BusinessList.swift */; };
		DB9846EB28C0AC5800A9B2BD /* BusinessSectionHeader.swift in Sources */ = {isa = PBXBuildFile; fileRef = DB9846EA28C0AC5800A9B2BD /* BusinessSectionHeader.swift */; };
		DB9846EC28C0AC5800A9B2BD /* BusinessSectionHeader.swift in Sources */ = {isa = PBXBuildFile; fileRef = DB9846EA28C0AC5800A9B2BD /* BusinessSectionHeader.swift */; };
		DB9846EE28C0AD3700A9B2BD /* BusinessSection.swift in Sources */ = {isa = PBXBuildFile; fileRef = DB9846ED28C0AD3700A9B2BD /* BusinessSection.swift */; };
		DB9846EF28C0AD3700A9B2BD /* BusinessSection.swift in Sources */ = {isa = PBXBuildFile; fileRef = DB9846ED28C0AD3700A9B2BD /* BusinessSection.swift */; };
		DBD1C40028BE3CC400032CBC /* ContentModel.swift in Sources */ = {isa = PBXBuildFile; fileRef = DBD1C3FF28BE3CC400032CBC /* ContentModel.swift */; };
		DBD1C40128BE3CC400032CBC /* ContentModel.swift in Sources */ = {isa = PBXBuildFile; fileRef = DBD1C3FF28BE3CC400032CBC /* ContentModel.swift */; };
		DBE0D74628C9EC2100A92149 /* BusinessDetail.swift in Sources */ = {isa = PBXBuildFile; fileRef = DBE0D74528C9EC2100A92149 /* BusinessDetail.swift */; };
		DBE0D74728C9EC2100A92149 /* BusinessDetail.swift in Sources */ = {isa = PBXBuildFile; fileRef = DBE0D74528C9EC2100A92149 /* BusinessDetail.swift */; };
		DBED57B628BF4EB3004C9987 /* Business.swift in Sources */ = {isa = PBXBuildFile; fileRef = DBED57B528BF4EB3004C9987 /* Business.swift */; };
		DBED57B728BF4EB3004C9987 /* Business.swift in Sources */ = {isa = PBXBuildFile; fileRef = DBED57B528BF4EB3004C9987 /* Business.swift */; };
		DBED57B928BF5113004C9987 /* BusinessSearch.swift in Sources */ = {isa = PBXBuildFile; fileRef = DBED57B828BF5113004C9987 /* BusinessSearch.swift */; };
		DBED57BA28BF5113004C9987 /* BusinessSearch.swift in Sources */ = {isa = PBXBuildFile; fileRef = DBED57B828BF5113004C9987 /* BusinessSearch.swift */; };
		DBED57BD28BF54F3004C9987 /* Constants.swift in Sources */ = {isa = PBXBuildFile; fileRef = DBED57BC28BF54F3004C9987 /* Constants.swift */; };
		DBED57BE28BF54F3004C9987 /* Constants.swift in Sources */ = {isa = PBXBuildFile; fileRef = DBED57BC28BF54F3004C9987 /* Constants.swift */; };
/* End PBXBuildFile section */

/* Begin PBXFileReference section */
		DB039FE228BA11110099A103 /* CitySightsApp.swift */ = {isa = PBXFileReference; lastKnownFileType = sourcecode.swift; path = CitySightsApp.swift; sourceTree = "<group>"; };
		DB039FE328BA11110099A103 /* LaunchView.swift */ = {isa = PBXFileReference; lastKnownFileType = sourcecode.swift; path = LaunchView.swift; sourceTree = "<group>"; };
		DB039FE428BA11110099A103 /* Assets.xcassets */ = {isa = PBXFileReference; lastKnownFileType = folder.assetcatalog; path = Assets.xcassets; sourceTree = "<group>"; };
		DB039FE928BA11110099A103 /* CitySightsApp.app */ = {isa = PBXFileReference; explicitFileType = wrapper.application; includeInIndex = 0; path = CitySightsApp.app; sourceTree = BUILT_PRODUCTS_DIR; };
		DB039FEF28BA11110099A103 /* CitySightsApp.app */ = {isa = PBXFileReference; explicitFileType = wrapper.application; includeInIndex = 0; path = CitySightsApp.app; sourceTree = BUILT_PRODUCTS_DIR; };
		DB039FF128BA11110099A103 /* macOS.entitlements */ = {isa = PBXFileReference; lastKnownFileType = text.plist.entitlements; path = macOS.entitlements; sourceTree = "<group>"; };
		DB7A5DDF28C35F4F00C3D7D5 /* BusinessRow.swift */ = {isa = PBXFileReference; lastKnownFileType = sourcecode.swift; path = BusinessRow.swift; sourceTree = "<group>"; };
		DB9846E328C0A35E00A9B2BD /* HomeView.swift */ = {isa = PBXFileReference; lastKnownFileType = sourcecode.swift; path = HomeView.swift; sourceTree = "<group>"; };
		DB9846E728C0A8AA00A9B2BD /* BusinessList.swift */ = {isa = PBXFileReference; lastKnownFileType = sourcecode.swift; path = BusinessList.swift; sourceTree = "<group>"; };
		DB9846EA28C0AC5800A9B2BD /* BusinessSectionHeader.swift */ = {isa = PBXFileReference; lastKnownFileType = sourcecode.swift; path = BusinessSectionHeader.swift; sourceTree = "<group>"; };
		DB9846ED28C0AD3700A9B2BD /* BusinessSection.swift */ = {isa = PBXFileReference; lastKnownFileType = sourcecode.swift; path = BusinessSection.swift; sourceTree = "<group>"; };
		DBD1C3FF28BE3CC400032CBC /* ContentModel.swift */ = {isa = PBXFileReference; lastKnownFileType = sourcecode.swift; path = ContentModel.swift; sourceTree = "<group>"; };
		DBE0D74528C9EC2100A92149 /* BusinessDetail.swift */ = {isa = PBXFileReference; lastKnownFileType = sourcecode.swift; path = BusinessDetail.swift; sourceTree = "<group>"; };
		DBED57B528BF4EB3004C9987 /* Business.swift */ = {isa = PBXFileReference; lastKnownFileType = sourcecode.swift; path = Business.swift; sourceTree = "<group>"; };
		DBED57B828BF5113004C9987 /* BusinessSearch.swift */ = {isa = PBXFileReference; lastKnownFileType = sourcecode.swift; path = BusinessSearch.swift; sourceTree = "<group>"; };
		DBED57BC28BF54F3004C9987 /* Constants.swift */ = {isa = PBXFileReference; lastKnownFileType = sourcecode.swift; path = Constants.swift; sourceTree = "<group>"; };
/* End PBXFileReference section */

/* Begin PBXFrameworksBuildPhase section */
		DB039FE628BA11110099A103 /* Frameworks */ = {
			isa = PBXFrameworksBuildPhase;
			buildActionMask = 2147483647;
			files = (
			);
			runOnlyForDeploymentPostprocessing = 0;
		};
		DB039FEC28BA11110099A103 /* Frameworks */ = {
			isa = PBXFrameworksBuildPhase;
			buildActionMask = 2147483647;
			files = (
			);
			runOnlyForDeploymentPostprocessing = 0;
		};
/* End PBXFrameworksBuildPhase section */

/* Begin PBXGroup section */
		DB039FDC28BA11110099A103 = {
			isa = PBXGroup;
			children = (
				DB039FE128BA11110099A103 /* Shared */,
				DB039FF028BA11110099A103 /* macOS */,
				DB039FEA28BA11110099A103 /* Products */,
			);
			sourceTree = "<group>";
		};
		DB039FE128BA11110099A103 /* Shared */ = {
			isa = PBXGroup;
			children = (
				DB039FE228BA11110099A103 /* CitySightsApp.swift */,
				DB03A00228BA11480099A103 /* Views */,
				DB03A00128BA11420099A103 /* ViewModels */,
				DB03A00028BA113E0099A103 /* Models */,
				DBED57BB28BF54E5004C9987 /* Helpers */,
				DB039FE428BA11110099A103 /* Assets.xcassets */,
			);
			path = Shared;
			sourceTree = "<group>";
		};
		DB039FEA28BA11110099A103 /* Products */ = {
			isa = PBXGroup;
			children = (
				DB039FE928BA11110099A103 /* CitySightsApp.app */,
				DB039FEF28BA11110099A103 /* CitySightsApp.app */,
			);
			name = Products;
			sourceTree = "<group>";
		};
		DB039FF028BA11110099A103 /* macOS */ = {
			isa = PBXGroup;
			children = (
				DB039FF128BA11110099A103 /* macOS.entitlements */,
			);
			path = macOS;
			sourceTree = "<group>";
		};
		DB03A00028BA113E0099A103 /* Models */ = {
			isa = PBXGroup;
			children = (
				DBED57B528BF4EB3004C9987 /* Business.swift */,
				DBED57B828BF5113004C9987 /* BusinessSearch.swift */,
			);
			path = Models;
			sourceTree = "<group>";
		};
		DB03A00128BA11420099A103 /* ViewModels */ = {
			isa = PBXGroup;
			children = (
				DBD1C3FF28BE3CC400032CBC /* ContentModel.swift */,
			);
			path = ViewModels;
			sourceTree = "<group>";
		};
		DB03A00228BA11480099A103 /* Views */ = {
			isa = PBXGroup;
			children = (
				DB039FE328BA11110099A103 /* LaunchView.swift */,
				DB9846E228C0A34900A9B2BD /* Home */,
				DB9846E128C0A34400A9B2BD /* Denied */,
				DB9846E028C0A33A00A9B2BD /* Onboarding */,
			);
			path = Views;
			sourceTree = "<group>";
		};
		DB9846E028C0A33A00A9B2BD /* Onboarding */ = {
			isa = PBXGroup;
			children = (
			);
			path = Onboarding;
			sourceTree = "<group>";
		};
		DB9846E128C0A34400A9B2BD /* Denied */ = {
			isa = PBXGroup;
			children = (
			);
			path = Denied;
			sourceTree = "<group>";
		};
		DB9846E228C0A34900A9B2BD /* Home */ = {
			isa = PBXGroup;
			children = (
				DB9846E328C0A35E00A9B2BD /* HomeView.swift */,
				DB9846E628C0A89000A9B2BD /* List */,
			);
			path = Home;
			sourceTree = "<group>";
		};
		DB9846E628C0A89000A9B2BD /* List */ = {
			isa = PBXGroup;
			children = (
				DB9846E728C0A8AA00A9B2BD /* BusinessList.swift */,
				DB9846ED28C0AD3700A9B2BD /* BusinessSection.swift */,
				DB9846EA28C0AC5800A9B2BD /* BusinessSectionHeader.swift */,
				DB7A5DDF28C35F4F00C3D7D5 /* BusinessRow.swift */,
				DBE0D74528C9EC2100A92149 /* BusinessDetail.swift */,
			);
			path = List;
			sourceTree = "<group>";
		};
		DBED57BB28BF54E5004C9987 /* Helpers */ = {
			isa = PBXGroup;
			children = (
				DBED57BC28BF54F3004C9987 /* Constants.swift */,
			);
			path = Helpers;
			sourceTree = "<group>";
		};
/* End PBXGroup section */

/* Begin PBXNativeTarget section */
		DB039FE828BA11110099A103 /* CitySightsApp (iOS) */ = {
			isa = PBXNativeTarget;
			buildConfigurationList = DB039FFA28BA11110099A103 /* Build configuration list for PBXNativeTarget "CitySightsApp (iOS)" */;
			buildPhases = (
				DB039FE528BA11110099A103 /* Sources */,
				DB039FE628BA11110099A103 /* Frameworks */,
				DB039FE728BA11110099A103 /* Resources */,
			);
			buildRules = (
			);
			dependencies = (
			);
			name = "CitySightsApp (iOS)";
			productName = "CitySightsApp (iOS)";
			productReference = DB039FE928BA11110099A103 /* CitySightsApp.app */;
			productType = "com.apple.product-type.application";
		};
		DB039FEE28BA11110099A103 /* CitySightsApp (macOS) */ = {
			isa = PBXNativeTarget;
			buildConfigurationList = DB039FFD28BA11110099A103 /* Build configuration list for PBXNativeTarget "CitySightsApp (macOS)" */;
			buildPhases = (
				DB039FEB28BA11110099A103 /* Sources */,
				DB039FEC28BA11110099A103 /* Frameworks */,
				DB039FED28BA11110099A103 /* Resources */,
			);
			buildRules = (
			);
			dependencies = (
			);
			name = "CitySightsApp (macOS)";
			productName = "CitySightsApp (macOS)";
			productReference = DB039FEF28BA11110099A103 /* CitySightsApp.app */;
			productType = "com.apple.product-type.application";
		};
/* End PBXNativeTarget section */

/* Begin PBXProject section */
		DB039FDD28BA11110099A103 /* Project object */ = {
			isa = PBXProject;
			attributes = {
				BuildIndependentTargetsInParallel = 1;
				LastSwiftUpdateCheck = 1340;
				LastUpgradeCheck = 1340;
				TargetAttributes = {
					DB039FE828BA11110099A103 = {
						CreatedOnToolsVersion = 13.4.1;
					};
					DB039FEE28BA11110099A103 = {
						CreatedOnToolsVersion = 13.4.1;
					};
				};
			};
			buildConfigurationList = DB039FE028BA11110099A103 /* Build configuration list for PBXProject "CitySightsApp" */;
			compatibilityVersion = "Xcode 13.0";
			developmentRegion = en;
			hasScannedForEncodings = 0;
			knownRegions = (
				en,
				Base,
			);
			mainGroup = DB039FDC28BA11110099A103;
			productRefGroup = DB039FEA28BA11110099A103 /* Products */;
			projectDirPath = "";
			projectRoot = "";
			targets = (
				DB039FE828BA11110099A103 /* CitySightsApp (iOS) */,
				DB039FEE28BA11110099A103 /* CitySightsApp (macOS) */,
			);
		};
/* End PBXProject section */

/* Begin PBXResourcesBuildPhase section */
		DB039FE728BA11110099A103 /* Resources */ = {
			isa = PBXResourcesBuildPhase;
			buildActionMask = 2147483647;
			files = (
				DB039FF628BA11110099A103 /* Assets.xcassets in Resources */,
			);
			runOnlyForDeploymentPostprocessing = 0;
		};
		DB039FED28BA11110099A103 /* Resources */ = {
			isa = PBXResourcesBuildPhase;
			buildActionMask = 2147483647;
			files = (
				DB039FF728BA11110099A103 /* Assets.xcassets in Resources */,
			);
			runOnlyForDeploymentPostprocessing = 0;
		};
/* End PBXResourcesBuildPhase section */

/* Begin PBXSourcesBuildPhase section */
		DB039FE528BA11110099A103 /* Sources */ = {
			isa = PBXSourcesBuildPhase;
			buildActionMask = 2147483647;
			files = (
				DB039FF428BA11110099A103 /* LaunchView.swift in Sources */,
				DB7A5DE028C35F4F00C3D7D5 /* BusinessRow.swift in Sources */,
				DB9846E428C0A35E00A9B2BD /* HomeView.swift in Sources */,
				DBED57B628BF4EB3004C9987 /* Business.swift in Sources */,
				DB9846EB28C0AC5800A9B2BD /* BusinessSectionHeader.swift in Sources */,
				DB039FF228BA11110099A103 /* CitySightsApp.swift in Sources */,
				DBE0D74628C9EC2100A92149 /* BusinessDetail.swift in Sources */,
				DBED57B928BF5113004C9987 /* BusinessSearch.swift in Sources */,
				DB9846E828C0A8AA00A9B2BD /* BusinessList.swift in Sources */,
				DB9846EE28C0AD3700A9B2BD /* BusinessSection.swift in Sources */,
				DBD1C40028BE3CC400032CBC /* ContentModel.swift in Sources */,
				DBED57BD28BF54F3004C9987 /* Constants.swift in Sources */,
			);
			runOnlyForDeploymentPostprocessing = 0;
		};
		DB039FEB28BA11110099A103 /* Sources */ = {
			isa = PBXSourcesBuildPhase;
			buildActionMask = 2147483647;
			files = (
				DB039FF528BA11110099A103 /* LaunchView.swift in Sources */,
				DB7A5DE128C35F4F00C3D7D5 /* BusinessRow.swift in Sources */,
				DB9846E528C0A35E00A9B2BD /* HomeView.swift in Sources */,
				DBED57B728BF4EB3004C9987 /* Business.swift in Sources */,
				DB9846EC28C0AC5800A9B2BD /* BusinessSectionHeader.swift in Sources */,
				DB039FF328BA11110099A103 /* CitySightsApp.swift in Sources */,
				DBE0D74728C9EC2100A92149 /* BusinessDetail.swift in Sources */,
				DBED57BA28BF5113004C9987 /* BusinessSearch.swift in Sources */,
				DB9846E928C0A8AA00A9B2BD /* BusinessList.swift in Sources */,
				DB9846EF28C0AD3700A9B2BD /* BusinessSection.swift in Sources */,
				DBD1C40128BE3CC400032CBC /* ContentModel.swift in Sources */,
				DBED57BE28BF54F3004C9987 /* Constants.swift in Sources */,
			);
			runOnlyForDeploymentPostprocessing = 0;
		};
/* End PBXSourcesBuildPhase section */

/* Begin XCBuildConfiguration section */
		DB039FF828BA11110099A103 /* Debug */ = {
			isa = XCBuildConfiguration;
			buildSettings = {
				ALWAYS_SEARCH_USER_PATHS = NO;
				CLANG_ANALYZER_NONNULL = YES;
				CLANG_ANALYZER_NUMBER_OBJECT_CONVERSION = YES_AGGRESSIVE;
				CLANG_CXX_LANGUAGE_STANDARD = "gnu++17";
				CLANG_ENABLE_MODULES = YES;
				CLANG_ENABLE_OBJC_ARC = YES;
				CLANG_ENABLE_OBJC_WEAK = YES;
				CLANG_WARN_BLOCK_CAPTURE_AUTORELEASING = YES;
				CLANG_WARN_BOOL_CONVERSION = YES;
				CLANG_WARN_COMMA = YES;
				CLANG_WARN_CONSTANT_CONVERSION = YES;
				CLANG_WARN_DEPRECATED_OBJC_IMPLEMENTATIONS = YES;
				CLANG_WARN_DIRECT_OBJC_ISA_USAGE = YES_ERROR;
				CLANG_WARN_DOCUMENTATION_COMMENTS = YES;
				CLANG_WARN_EMPTY_BODY = YES;
				CLANG_WARN_ENUM_CONVERSION = YES;
				CLANG_WARN_INFINITE_RECURSION = YES;
				CLANG_WARN_INT_CONVERSION = YES;
				CLANG_WARN_NON_LITERAL_NULL_CONVERSION = YES;
				CLANG_WARN_OBJC_IMPLICIT_RETAIN_SELF = YES;
				CLANG_WARN_OBJC_LITERAL_CONVERSION = YES;
				CLANG_WARN_OBJC_ROOT_CLASS = YES_ERROR;
				CLANG_WARN_QUOTED_INCLUDE_IN_FRAMEWORK_HEADER = YES;
				CLANG_WARN_RANGE_LOOP_ANALYSIS = YES;
				CLANG_WARN_STRICT_PROTOTYPES = YES;
				CLANG_WARN_SUSPICIOUS_MOVE = YES;
				CLANG_WARN_UNGUARDED_AVAILABILITY = YES_AGGRESSIVE;
				CLANG_WARN_UNREACHABLE_CODE = YES;
				CLANG_WARN__DUPLICATE_METHOD_MATCH = YES;
				COPY_PHASE_STRIP = NO;
				DEBUG_INFORMATION_FORMAT = dwarf;
				ENABLE_STRICT_OBJC_MSGSEND = YES;
				ENABLE_TESTABILITY = YES;
				GCC_C_LANGUAGE_STANDARD = gnu11;
				GCC_DYNAMIC_NO_PIC = NO;
				GCC_NO_COMMON_BLOCKS = YES;
				GCC_OPTIMIZATION_LEVEL = 0;
				GCC_PREPROCESSOR_DEFINITIONS = (
					"DEBUG=1",
					"$(inherited)",
				);
				GCC_WARN_64_TO_32_BIT_CONVERSION = YES;
				GCC_WARN_ABOUT_RETURN_TYPE = YES_ERROR;
				GCC_WARN_UNDECLARED_SELECTOR = YES;
				GCC_WARN_UNINITIALIZED_AUTOS = YES_AGGRESSIVE;
				GCC_WARN_UNUSED_FUNCTION = YES;
				GCC_WARN_UNUSED_VARIABLE = YES;
				MTL_ENABLE_DEBUG_INFO = INCLUDE_SOURCE;
				MTL_FAST_MATH = YES;
				ONLY_ACTIVE_ARCH = YES;
				SWIFT_ACTIVE_COMPILATION_CONDITIONS = DEBUG;
				SWIFT_OPTIMIZATION_LEVEL = "-Onone";
			};
			name = Debug;
		};
		DB039FF928BA11110099A103 /* Release */ = {
			isa = XCBuildConfiguration;
			buildSettings = {
				ALWAYS_SEARCH_USER_PATHS = NO;
				CLANG_ANALYZER_NONNULL = YES;
				CLANG_ANALYZER_NUMBER_OBJECT_CONVERSION = YES_AGGRESSIVE;
				CLANG_CXX_LANGUAGE_STANDARD = "gnu++17";
				CLANG_ENABLE_MODULES = YES;
				CLANG_ENABLE_OBJC_ARC = YES;
				CLANG_ENABLE_OBJC_WEAK = YES;
				CLANG_WARN_BLOCK_CAPTURE_AUTORELEASING = YES;
				CLANG_WARN_BOOL_CONVERSION = YES;
				CLANG_WARN_COMMA = YES;
				CLANG_WARN_CONSTANT_CONVERSION = YES;
				CLANG_WARN_DEPRECATED_OBJC_IMPLEMENTATIONS = YES;
				CLANG_WARN_DIRECT_OBJC_ISA_USAGE = YES_ERROR;
				CLANG_WARN_DOCUMENTATION_COMMENTS = YES;
				CLANG_WARN_EMPTY_BODY = YES;
				CLANG_WARN_ENUM_CONVERSION = YES;
				CLANG_WARN_INFINITE_RECURSION = YES;
				CLANG_WARN_INT_CONVERSION = YES;
				CLANG_WARN_NON_LITERAL_NULL_CONVERSION = YES;
				CLANG_WARN_OBJC_IMPLICIT_RETAIN_SELF = YES;
				CLANG_WARN_OBJC_LITERAL_CONVERSION = YES;
				CLANG_WARN_OBJC_ROOT_CLASS = YES_ERROR;
				CLANG_WARN_QUOTED_INCLUDE_IN_FRAMEWORK_HEADER = YES;
				CLANG_WARN_RANGE_LOOP_ANALYSIS = YES;
				CLANG_WARN_STRICT_PROTOTYPES = YES;
				CLANG_WARN_SUSPICIOUS_MOVE = YES;
				CLANG_WARN_UNGUARDED_AVAILABILITY = YES_AGGRESSIVE;
				CLANG_WARN_UNREACHABLE_CODE = YES;
				CLANG_WARN__DUPLICATE_METHOD_MATCH = YES;
				COPY_PHASE_STRIP = NO;
				DEBUG_INFORMATION_FORMAT = "dwarf-with-dsym";
				ENABLE_NS_ASSERTIONS = NO;
				ENABLE_STRICT_OBJC_MSGSEND = YES;
				GCC_C_LANGUAGE_STANDARD = gnu11;
				GCC_NO_COMMON_BLOCKS = YES;
				GCC_WARN_64_TO_32_BIT_CONVERSION = YES;
				GCC_WARN_ABOUT_RETURN_TYPE = YES_ERROR;
				GCC_WARN_UNDECLARED_SELECTOR = YES;
				GCC_WARN_UNINITIALIZED_AUTOS = YES_AGGRESSIVE;
				GCC_WARN_UNUSED_FUNCTION = YES;
				GCC_WARN_UNUSED_VARIABLE = YES;
				MTL_ENABLE_DEBUG_INFO = NO;
				MTL_FAST_MATH = YES;
				SWIFT_COMPILATION_MODE = wholemodule;
				SWIFT_OPTIMIZATION_LEVEL = "-O";
			};
			name = Release;
		};
		DB039FFB28BA11110099A103 /* Debug */ = {
			isa = XCBuildConfiguration;
			buildSettings = {
				ASSETCATALOG_COMPILER_APPICON_NAME = AppIcon;
				ASSETCATALOG_COMPILER_GLOBAL_ACCENT_COLOR_NAME = AccentColor;
				CODE_SIGN_STYLE = Automatic;
				CURRENT_PROJECT_VERSION = 1;
				DEVELOPMENT_TEAM = Y99V3PSNQ8;
				ENABLE_PREVIEWS = YES;
				GENERATE_INFOPLIST_FILE = YES;
				INFOPLIST_KEY_NSLocationWhenInUseUsageDescription = "Grant permission to find restaurants and sights near you.";
				INFOPLIST_KEY_UIApplicationSceneManifest_Generation = YES;
				INFOPLIST_KEY_UIApplicationSupportsIndirectInputEvents = YES;
				INFOPLIST_KEY_UILaunchScreen_Generation = YES;
				INFOPLIST_KEY_UISupportedInterfaceOrientations_iPad = "UIInterfaceOrientationPortrait UIInterfaceOrientationPortraitUpsideDown UIInterfaceOrientationLandscapeLeft UIInterfaceOrientationLandscapeRight";
				INFOPLIST_KEY_UISupportedInterfaceOrientations_iPhone = "UIInterfaceOrientationPortrait UIInterfaceOrientationLandscapeLeft UIInterfaceOrientationLandscapeRight";
				IPHONEOS_DEPLOYMENT_TARGET = 15.5;
				LD_RUNPATH_SEARCH_PATHS = (
					"$(inherited)",
					"@executable_path/Frameworks",
				);
				MARKETING_VERSION = 1.0;
				PRODUCT_BUNDLE_IDENTIFIER = com.shamsuddinrefaei.CitySightsApp;
				PRODUCT_NAME = CitySightsApp;
				SDKROOT = iphoneos;
				SWIFT_EMIT_LOC_STRINGS = YES;
				SWIFT_VERSION = 5.0;
				TARGETED_DEVICE_FAMILY = "1,2";
			};
			name = Debug;
		};
		DB039FFC28BA11110099A103 /* Release */ = {
			isa = XCBuildConfiguration;
			buildSettings = {
				ASSETCATALOG_COMPILER_APPICON_NAME = AppIcon;
				ASSETCATALOG_COMPILER_GLOBAL_ACCENT_COLOR_NAME = AccentColor;
				CODE_SIGN_STYLE = Automatic;
				CURRENT_PROJECT_VERSION = 1;
				DEVELOPMENT_TEAM = Y99V3PSNQ8;
				ENABLE_PREVIEWS = YES;
				GENERATE_INFOPLIST_FILE = YES;
				INFOPLIST_KEY_NSLocationWhenInUseUsageDescription = "Grant permission to find restaurants and sights near you.";
				INFOPLIST_KEY_UIApplicationSceneManifest_Generation = YES;
				INFOPLIST_KEY_UIApplicationSupportsIndirectInputEvents = YES;
				INFOPLIST_KEY_UILaunchScreen_Generation = YES;
				INFOPLIST_KEY_UISupportedInterfaceOrientations_iPad = "UIInterfaceOrientationPortrait UIInterfaceOrientationPortraitUpsideDown UIInterfaceOrientationLandscapeLeft UIInterfaceOrientationLandscapeRight";
				INFOPLIST_KEY_UISupportedInterfaceOrientations_iPhone = "UIInterfaceOrientationPortrait UIInterfaceOrientationLandscapeLeft UIInterfaceOrientationLandscapeRight";
				IPHONEOS_DEPLOYMENT_TARGET = 15.5;
				LD_RUNPATH_SEARCH_PATHS = (
					"$(inherited)",
					"@executable_path/Frameworks",
				);
				MARKETING_VERSION = 1.0;
				PRODUCT_BUNDLE_IDENTIFIER = com.shamsuddinrefaei.CitySightsApp;
				PRODUCT_NAME = CitySightsApp;
				SDKROOT = iphoneos;
				SWIFT_EMIT_LOC_STRINGS = YES;
				SWIFT_VERSION = 5.0;
				TARGETED_DEVICE_FAMILY = "1,2";
				VALIDATE_PRODUCT = YES;
			};
			name = Release;
		};
		DB039FFE28BA11110099A103 /* Debug */ = {
			isa = XCBuildConfiguration;
			buildSettings = {
				ASSETCATALOG_COMPILER_APPICON_NAME = AppIcon;
				ASSETCATALOG_COMPILER_GLOBAL_ACCENT_COLOR_NAME = AccentColor;
				CODE_SIGN_ENTITLEMENTS = macOS/macOS.entitlements;
				CODE_SIGN_STYLE = Automatic;
				COMBINE_HIDPI_IMAGES = YES;
				CURRENT_PROJECT_VERSION = 1;
				DEVELOPMENT_TEAM = Y99V3PSNQ8;
				ENABLE_HARDENED_RUNTIME = YES;
				ENABLE_PREVIEWS = YES;
				GENERATE_INFOPLIST_FILE = YES;
				INFOPLIST_KEY_NSHumanReadableCopyright = "";
				LD_RUNPATH_SEARCH_PATHS = (
					"$(inherited)",
					"@executable_path/../Frameworks",
				);
				MACOSX_DEPLOYMENT_TARGET = 12.3;
				MARKETING_VERSION = 1.0;
				PRODUCT_BUNDLE_IDENTIFIER = com.shamsuddinrefaei.CitySightsApp;
				PRODUCT_NAME = CitySightsApp;
				SDKROOT = macosx;
				SWIFT_EMIT_LOC_STRINGS = YES;
				SWIFT_VERSION = 5.0;
			};
			name = Debug;
		};
		DB039FFF28BA11110099A103 /* Release */ = {
			isa = XCBuildConfiguration;
			buildSettings = {
				ASSETCATALOG_COMPILER_APPICON_NAME = AppIcon;
				ASSETCATALOG_COMPILER_GLOBAL_ACCENT_COLOR_NAME = AccentColor;
				CODE_SIGN_ENTITLEMENTS = macOS/macOS.entitlements;
				CODE_SIGN_STYLE = Automatic;
				COMBINE_HIDPI_IMAGES = YES;
				CURRENT_PROJECT_VERSION = 1;
				DEVELOPMENT_TEAM = Y99V3PSNQ8;
				ENABLE_HARDENED_RUNTIME = YES;
				ENABLE_PREVIEWS = YES;
				GENERATE_INFOPLIST_FILE = YES;
				INFOPLIST_KEY_NSHumanReadableCopyright = "";
				LD_RUNPATH_SEARCH_PATHS = (
					"$(inherited)",
					"@executable_path/../Frameworks",
				);
				MACOSX_DEPLOYMENT_TARGET = 12.3;
				MARKETING_VERSION = 1.0;
				PRODUCT_BUNDLE_IDENTIFIER = com.shamsuddinrefaei.CitySightsApp;
				PRODUCT_NAME = CitySightsApp;
				SDKROOT = macosx;
				SWIFT_EMIT_LOC_STRINGS = YES;
				SWIFT_VERSION = 5.0;
			};
			name = Release;
		};
/* End XCBuildConfiguration section */

/* Begin XCConfigurationList section */
		DB039FE028BA11110099A103 /* Build configuration list for PBXProject "CitySightsApp" */ = {
			isa = XCConfigurationList;
			buildConfigurations = (
				DB039FF828BA11110099A103 /* Debug */,
				DB039FF928BA11110099A103 /* Release */,
			);
			defaultConfigurationIsVisible = 0;
			defaultConfigurationName = Release;
		};
		DB039FFA28BA11110099A103 /* Build configuration list for PBXNativeTarget "CitySightsApp (iOS)" */ = {
			isa = XCConfigurationList;
			buildConfigurations = (
				DB039FFB28BA11110099A103 /* Debug */,
				DB039FFC28BA11110099A103 /* Release */,
			);
			defaultConfigurationIsVisible = 0;
			defaultConfigurationName = Release;
		};
		DB039FFD28BA11110099A103 /* Build configuration list for PBXNativeTarget "CitySightsApp (macOS)" */ = {
			isa = XCConfigurationList;
			buildConfigurations = (
				DB039FFE28BA11110099A103 /* Debug */,
				DB039FFF28BA11110099A103 /* Release */,
			);
			defaultConfigurationIsVisible = 0;
			defaultConfigurationName = Release;
		};
/* End XCConfigurationList section */
	};
	rootObject = DB039FDD28BA11110099A103 /* Project object */;
}
